
Microsoft Visual Studio Solution File, Format Version 12.00
# Visual Studio Version 16
VisualStudioVersion = 16.0.29230.47
MinimumVisualStudioVersion = 10.0.40219.1
Project("{FAE04EC0-301F-11D3-BF4B-00C04F79EFBC}") = "portfolio1_with_template", "portfolio1_with_template\portfolio1_with_template.csproj", "{23C0EC19-B02D-4305-B2C8-18FC9797308A}"
EndProject
Global
	GlobalSection(SolutionConfigurationPlatforms) = preSolution
		Debug|Any CPU = Debug|Any CPU
		Release|Any CPU = Release|Any CPU
	EndGlobalSection
	GlobalSection(ProjectConfigurationPlatforms) = postSolution
		{23C0EC19-B02D-4305-B2C8-18FC9797308A}.Debug|Any CPU.ActiveCfg = Debug|Any CPU
		{23C0EC19-B02D-4305-B2C8-18FC9797308A}.Debug|Any CPU.Build.0 = Debug|Any CPU
		{23C0EC19-B02D-4305-B2C8-18FC9797308A}.Release|Any CPU.ActiveCfg = Release|Any CPU
		{23C0EC19-B02D-4305-B2C8-18FC9797308A}.Release|Any CPU.Build.0 = Release|Any CPU
	EndGlobalSection
	GlobalSection(SolutionProperties) = preSolution
		HideSolutionNode = FALSE
	EndGlobalSection
	GlobalSection(ExtensibilityGlobals) = postSolution
		SolutionGuid = {F70FCF63-B409-4156-9157-FE9C54A9E471}
	EndGlobalSection
EndGlobal
